{
  "name": "@mstssk/serve",
  "version": "0.0.1",
  "lockfileVersion": 2,
  "requires": true,
  "packages": {
    "": {
      "name": "@mstssk/serve",
      "version": "0.0.1",
      "license": "MIT",
      "bin": {
        "serve": "bin/serve.mjs"
      },
      "engines": {
        "node": ">=22.11.0"
      }
    }
  }
}
